// !$*UTF8*$!
{
	archiveVersion = 1;
	classes = {
	};
	objectVersion = 46;
	objects = {

/* Begin PBXBuildFile section */
		8A25AE8018775B630032E51D /* Tweet.m in Sources */ = {isa = PBXBuildFile; fileRef = 8A25AE7F18775B630032E51D /* Tweet.m */; };
		8A25AE83187764520032E51D /* UIFont+Additions.m in Sources */ = {isa = PBXBuildFile; fileRef = 8A25AE82187764520032E51D /* UIFont+Additions.m */; };
		8A25AE861877689A0032E51D /* NSString+Additions.m in Sources */ = {isa = PBXBuildFile; fileRef = 8A25AE851877689A0032E51D /* NSString+Additions.m */; };
		8A5257CF18791DEF00F56992 /* SearchInfo.m in Sources */ = {isa = PBXBuildFile; fileRef = 8A5257CE18791DEF00F56992 /* SearchInfo.m */; };
		8A64081418779A450029E101 /* YSMTCell.m in Sources */ = {isa = PBXBuildFile; fileRef = 8A64081318779A450029E101 /* YSMTCell.m */; };
		8A64081718779E630029E101 /* UIColor+Additions.m in Sources */ = {isa = PBXBuildFile; fileRef = 8A64081618779E630029E101 /* UIColor+Additions.m */; };
		8A64081A1877AE930029E101 /* Fanben_Avatar_Placeholder_66.png in Resources */ = {isa = PBXBuildFile; fileRef = 8A6408181877AE930029E101 /* Fanben_Avatar_Placeholder_66.png */; };
		8A64081B1877AE930029E101 /* Fanben_Avatar_Placeholder_66@2x.png in Resources */ = {isa = PBXBuildFile; fileRef = 8A6408191877AE930029E101 /* Fanben_Avatar_Placeholder_66@2x.png */; };
		8A64081E1877AF390029E101 /* YSAsistance.m in Sources */ = {isa = PBXBuildFile; fileRef = 8A64081D1877AF390029E101 /* YSAsistance.m */; };
		8A6408351877B50E0029E101 /* MKAnnotationView+WebCache.m in Sources */ = {isa = PBXBuildFile; fileRef = 8A6408211877B50E0029E101 /* MKAnnotationView+WebCache.m */; };
		8A6408361877B50E0029E101 /* SDImageCache.m in Sources */ = {isa = PBXBuildFile; fileRef = 8A6408231877B50E0029E101 /* SDImageCache.m */; };
		8A6408371877B50E0029E101 /* SDWebImageCompat.m in Sources */ = {isa = PBXBuildFile; fileRef = 8A6408251877B50E0029E101 /* SDWebImageCompat.m */; };
		8A6408381877B50E0029E101 /* SDWebImageDecoder.m in Sources */ = {isa = PBXBuildFile; fileRef = 8A6408271877B50E0029E101 /* SDWebImageDecoder.m */; };
		8A6408391877B50E0029E101 /* SDWebImageDownloader.m in Sources */ = {isa = PBXBuildFile; fileRef = 8A6408291877B50E0029E101 /* SDWebImageDownloader.m */; };
		8A64083A1877B50E0029E101 /* SDWebImageDownloaderOperation.m in Sources */ = {isa = PBXBuildFile; fileRef = 8A64082B1877B50E0029E101 /* SDWebImageDownloaderOperation.m */; };
		8A64083B1877B50E0029E101 /* SDWebImageManager.m in Sources */ = {isa = PBXBuildFile; fileRef = 8A64082D1877B50E0029E101 /* SDWebImageManager.m */; };
		8A64083C1877B50E0029E101 /* SDWebImagePrefetcher.m in Sources */ = {isa = PBXBuildFile; fileRef = 8A6408301877B50E0029E101 /* SDWebImagePrefetcher.m */; };
		8A64083D1877B50E0029E101 /* UIButton+WebCache.m in Sources */ = {isa = PBXBuildFile; fileRef = 8A6408321877B50E0029E101 /* UIButton+WebCache.m */; };
		8A64083E1877B50E0029E101 /* UIImageView+WebCache.m in Sources */ = {isa = PBXBuildFile; fileRef = 8A6408341877B50E0029E101 /* UIImageView+WebCache.m */; };
		8A71EE59187524A4006D2B5C /* note-reply-field.png in Resources */ = {isa = PBXBuildFile; fileRef = 8A71EE57187524A4006D2B5C /* note-reply-field.png */; };
		8A71EE5A187524A4006D2B5C /* note-reply-field@2x.png in Resources */ = {isa = PBXBuildFile; fileRef = 8A71EE58187524A4006D2B5C /* note-reply-field@2x.png */; };
		8A73415A1878E08800A7A5FD /* SearchInfo+create.m in Sources */ = {isa = PBXBuildFile; fileRef = 8A7341591878E08800A7A5FD /* SearchInfo+create.m */; };
		8A73415D1878E0A600A7A5FD /* ResultTweet+create.m in Sources */ = {isa = PBXBuildFile; fileRef = 8A73415C1878E0A600A7A5FD /* ResultTweet+create.m */; };
		8A73416C1878F13400A7A5FD /* NSMutableArray+SWUtilityButtons.m in Sources */ = {isa = PBXBuildFile; fileRef = 8A7341611878F13400A7A5FD /* NSMutableArray+SWUtilityButtons.m */; };
		8A73416D1878F13400A7A5FD /* SWCellScrollView.m in Sources */ = {isa = PBXBuildFile; fileRef = 8A7341631878F13400A7A5FD /* SWCellScrollView.m */; };
		8A73416E1878F13400A7A5FD /* SWLongPressGestureRecognizer.m in Sources */ = {isa = PBXBuildFile; fileRef = 8A7341651878F13400A7A5FD /* SWLongPressGestureRecognizer.m */; };
		8A73416F1878F13400A7A5FD /* SWTableViewCell.m in Sources */ = {isa = PBXBuildFile; fileRef = 8A7341671878F13400A7A5FD /* SWTableViewCell.m */; };
		8A7341701878F13400A7A5FD /* SWUtilityButtonTapGestureRecognizer.m in Sources */ = {isa = PBXBuildFile; fileRef = 8A7341691878F13400A7A5FD /* SWUtilityButtonTapGestureRecognizer.m */; };
		8A7341711878F13400A7A5FD /* SWUtilityButtonView.m in Sources */ = {isa = PBXBuildFile; fileRef = 8A73416B1878F13400A7A5FD /* SWUtilityButtonView.m */; };
		8A887EB118735C55005C9BAF /* SearchPostView.m in Sources */ = {isa = PBXBuildFile; fileRef = 8A887EB018735C55005C9BAF /* SearchPostView.m */; };
		8A9C9D9218722F1E00429611 /* IOS7CorrectedTextView.m in Sources */ = {isa = PBXBuildFile; fileRef = 8A9C9D9118722F1E00429611 /* IOS7CorrectedTextView.m */; };
		8AA4F7D61870CC26009150EE /* searchMapVC.m in Sources */ = {isa = PBXBuildFile; fileRef = 8AA4F7D51870CC26009150EE /* searchMapVC.m */; };
		8AA4F7D81870CD95009150EE /* GoogleMaps.framework in Frameworks */ = {isa = PBXBuildFile; fileRef = 8AA4F7D71870CD95009150EE /* GoogleMaps.framework */; };
		8AA4F7DA1870CDF2009150EE /* GoogleMaps.bundle in Resources */ = {isa = PBXBuildFile; fileRef = 8AA4F7D91870CDF2009150EE /* GoogleMaps.bundle */; };
		8AA4F7DC1870CE62009150EE /* AVFoundation.framework in Frameworks */ = {isa = PBXBuildFile; fileRef = 8AA4F7DB1870CE62009150EE /* AVFoundation.framework */; };
		8AA4F7DE1870CE69009150EE /* CoreData.framework in Frameworks */ = {isa = PBXBuildFile; fileRef = 8AA4F7DD1870CE69009150EE /* CoreData.framework */; };
		8AA4F7E01870CE77009150EE /* CoreLocation.framework in Frameworks */ = {isa = PBXBuildFile; fileRef = 8AA4F7DF1870CE77009150EE /* CoreLocation.framework */; };
		8AA4F7E21870CE86009150EE /* CoreText.framework in Frameworks */ = {isa = PBXBuildFile; fileRef = 8AA4F7E11870CE86009150EE /* CoreText.framework */; };
		8AA4F7E41870CE91009150EE /* GLKit.framework in Frameworks */ = {isa = PBXBuildFile; fileRef = 8AA4F7E31870CE91009150EE /* GLKit.framework */; };
		8AA4F7E61870CE9D009150EE /* ImageIO.framework in Frameworks */ = {isa = PBXBuildFile; fileRef = 8AA4F7E51870CE9D009150EE /* ImageIO.framework */; };
		8AA4F7E81870CEAD009150EE /* libc++.dylib in Frameworks */ = {isa = PBXBuildFile; fileRef = 8AA4F7E71870CEAD009150EE /* libc++.dylib */; };
		8AA4F7EA1870CEC4009150EE /* libicucore.dylib in Frameworks */ = {isa = PBXBuildFile; fileRef = 8AA4F7E91870CEC4009150EE /* libicucore.dylib */; };
		8AA4F7EC1870CED7009150EE /* libz.dylib in Frameworks */ = {isa = PBXBuildFile; fileRef = 8AA4F7EB1870CED7009150EE /* libz.dylib */; };
		8AA4F7EE1870CEE3009150EE /* OpenGLES.framework in Frameworks */ = {isa = PBXBuildFile; fileRef = 8AA4F7ED1870CEE3009150EE /* OpenGLES.framework */; };
		8AA4F7F01870CEEE009150EE /* QuartzCore.framework in Frameworks */ = {isa = PBXBuildFile; fileRef = 8AA4F7EF1870CEEE009150EE /* QuartzCore.framework */; };
		8AA4F7F21870CEFB009150EE /* SystemConfiguration.framework in Frameworks */ = {isa = PBXBuildFile; fileRef = 8AA4F7F11870CEFB009150EE /* SystemConfiguration.framework */; };
		8AA4F7F91870D799009150EE /* icon-reader-topics-active.png in Resources */ = {isa = PBXBuildFile; fileRef = 8AA4F7F51870D799009150EE /* icon-reader-topics-active.png */; };
		8AA4F7FA1870D799009150EE /* icon-reader-topics-active@2x.png in Resources */ = {isa = PBXBuildFile; fileRef = 8AA4F7F61870D799009150EE /* icon-reader-topics-active@2x.png */; };
		8AA4F7FB1870D799009150EE /* icon-reader-topics.png in Resources */ = {isa = PBXBuildFile; fileRef = 8AA4F7F71870D799009150EE /* icon-reader-topics.png */; };
		8AA4F7FC1870D799009150EE /* icon-reader-topics@2x.png in Resources */ = {isa = PBXBuildFile; fileRef = 8AA4F7F81870D799009150EE /* icon-reader-topics@2x.png */; };
		8AA4F7FE1871071B009150EE /* Accounts.framework in Frameworks */ = {isa = PBXBuildFile; fileRef = 8AA4F7FD1871071A009150EE /* Accounts.framework */; };
		8AA4F80018710723009150EE /* Social.framework in Frameworks */ = {isa = PBXBuildFile; fileRef = 8AA4F7FF18710723009150EE /* Social.framework */; };
		8AA4F81C18710E0C009150EE /* NSDateFormatter+STTwitter.m in Sources */ = {isa = PBXBuildFile; fileRef = 8AA4F80418710E0C009150EE /* NSDateFormatter+STTwitter.m */; };
		8AA4F81D18710E0C009150EE /* NSString+STTwitter.m in Sources */ = {isa = PBXBuildFile; fileRef = 8AA4F80618710E0C009150EE /* NSString+STTwitter.m */; };
		8AA4F81E18710E0C009150EE /* STHTTPRequest+STTwitter.m in Sources */ = {isa = PBXBuildFile; fileRef = 8AA4F80818710E0C009150EE /* STHTTPRequest+STTwitter.m */; };
		8AA4F81F18710E0C009150EE /* STTwitterAPI.m in Sources */ = {isa = PBXBuildFile; fileRef = 8AA4F80B18710E0C009150EE /* STTwitterAPI.m */; };
		8AA4F82018710E0C009150EE /* STTwitterAppOnly.m in Sources */ = {isa = PBXBuildFile; fileRef = 8AA4F80D18710E0C009150EE /* STTwitterAppOnly.m */; };
		8AA4F82118710E0C009150EE /* STTwitterHTML.m in Sources */ = {isa = PBXBuildFile; fileRef = 8AA4F80F18710E0C009150EE /* STTwitterHTML.m */; };
		8AA4F82218710E0C009150EE /* STTwitterOAuth.m in Sources */ = {isa = PBXBuildFile; fileRef = 8AA4F81118710E0C009150EE /* STTwitterOAuth.m */; };
		8AA4F82318710E0C009150EE /* STTwitterOS.m in Sources */ = {isa = PBXBuildFile; fileRef = 8AA4F81318710E0C009150EE /* STTwitterOS.m */; };
		8AA4F82418710E0C009150EE /* BAVPlistNode.m in Sources */ = {isa = PBXBuildFile; fileRef = 8AA4F81718710E0C009150EE /* BAVPlistNode.m */; };
		8AA4F82518710E0C009150EE /* JSONSyntaxHighlight.m in Sources */ = {isa = PBXBuildFile; fileRef = 8AA4F81918710E0C009150EE /* JSONSyntaxHighlight.m */; };
		8AA4F82618710E0C009150EE /* STHTTPRequest.m in Sources */ = {isa = PBXBuildFile; fileRef = 8AA4F81B18710E0C009150EE /* STHTTPRequest.m */; };
		8AA4F82818710E29009150EE /* Twitter.framework in Frameworks */ = {isa = PBXBuildFile; fileRef = 8AA4F82718710E29009150EE /* Twitter.framework */; };
		8AAA141218789ACD00C23FBA /* MTSearchTweets.xcdatamodeld in Sources */ = {isa = PBXBuildFile; fileRef = 8AAA141018789ACD00C23FBA /* MTSearchTweets.xcdatamodeld */; };
		8AAA141B18789D5C00C23FBA /* ResultTweet.m in Sources */ = {isa = PBXBuildFile; fileRef = 8AAA141A18789D5C00C23FBA /* ResultTweet.m */; };
		8AAA142118789F2200C23FBA /* SearchHistoryCell.m in Sources */ = {isa = PBXBuildFile; fileRef = 8AAA142018789F2200C23FBA /* SearchHistoryCell.m */; };
		8AAA142418789FEB00C23FBA /* PersistentStack.m in Sources */ = {isa = PBXBuildFile; fileRef = 8AAA142318789FEB00C23FBA /* PersistentStack.m */; };
		8AAA14271878AAB600C23FBA /* FetchResultsControllerDataSource.m in Sources */ = {isa = PBXBuildFile; fileRef = 8AAA14261878AAB600C23FBA /* FetchResultsControllerDataSource.m */; };
		8ABF7FF3186F8A04005160B8 /* Foundation.framework in Frameworks */ = {isa = PBXBuildFile; fileRef = 8ABF7FF2186F8A04005160B8 /* Foundation.framework */; };
		8ABF7FF5186F8A04005160B8 /* CoreGraphics.framework in Frameworks */ = {isa = PBXBuildFile; fileRef = 8ABF7FF4186F8A04005160B8 /* CoreGraphics.framework */; };
		8ABF7FF7186F8A04005160B8 /* UIKit.framework in Frameworks */ = {isa = PBXBuildFile; fileRef = 8ABF7FF6186F8A04005160B8 /* UIKit.framework */; };
		8ABF7FFD186F8A04005160B8 /* InfoPlist.strings in Resources */ = {isa = PBXBuildFile; fileRef = 8ABF7FFB186F8A04005160B8 /* InfoPlist.strings */; };
		8ABF7FFF186F8A04005160B8 /* main.m in Sources */ = {isa = PBXBuildFile; fileRef = 8ABF7FFE186F8A04005160B8 /* main.m */; };
		8ABF8003186F8A04005160B8 /* UWBEAppDelegate.m in Sources */ = {isa = PBXBuildFile; fileRef = 8ABF8002186F8A04005160B8 /* UWBEAppDelegate.m */; };
		8ABF8005186F8A05005160B8 /* Images.xcassets in Resources */ = {isa = PBXBuildFile; fileRef = 8ABF8004186F8A05005160B8 /* Images.xcassets */; };
		8ABF800C186F8A05005160B8 /* XCTest.framework in Frameworks */ = {isa = PBXBuildFile; fileRef = 8ABF800B186F8A05005160B8 /* XCTest.framework */; };
		8ABF800D186F8A05005160B8 /* Foundation.framework in Frameworks */ = {isa = PBXBuildFile; fileRef = 8ABF7FF2186F8A04005160B8 /* Foundation.framework */; };
		8ABF800E186F8A05005160B8 /* UIKit.framework in Frameworks */ = {isa = PBXBuildFile; fileRef = 8ABF7FF6186F8A04005160B8 /* UIKit.framework */; };
		8ABF8016186F8A05005160B8 /* InfoPlist.strings in Resources */ = {isa = PBXBuildFile; fileRef = 8ABF8014186F8A05005160B8 /* InfoPlist.strings */; };
		8ABF8018186F8A05005160B8 /* mapTwitterTests.m in Sources */ = {isa = PBXBuildFile; fileRef = 8ABF8017186F8A05005160B8 /* mapTwitterTests.m */; };
		8ABF8024186F9135005160B8 /* SearchHistoryVC.m in Sources */ = {isa = PBXBuildFile; fileRef = 8ABF8023186F9135005160B8 /* SearchHistoryVC.m */; };
		8ABF8028186F92F2005160B8 /* MTStyles.m in Sources */ = {isa = PBXBuildFile; fileRef = 8ABF8027186F92F2005160B8 /* MTStyles.m */; };
		8ABF806B186FBA65005160B8 /* OpenSans-Bold.ttf in Resources */ = {isa = PBXBuildFile; fileRef = 8ABF806A186FBA64005160B8 /* OpenSans-Bold.ttf */; };
		8AE2E7591876164B0021DB3F /* TweetsResultVC.m in Sources */ = {isa = PBXBuildFile; fileRef = 8AE2E7581876164B0021DB3F /* TweetsResultVC.m */; };
		8AE2E75C1876167E0021DB3F /* TweetsResultCell.m in Sources */ = {isa = PBXBuildFile; fileRef = 8AE2E75B1876167E0021DB3F /* TweetsResultCell.m */; };
		8AE2E760187618450021DB3F /* TwitterAPI.m in Sources */ = {isa = PBXBuildFile; fileRef = 8AE2E75F187618450021DB3F /* TwitterAPI.m */; };
		8AE2E76318763ECD0021DB3F /* ArrayDataSource.m in Sources */ = {isa = PBXBuildFile; fileRef = 8AE2E76218763ECD0021DB3F /* ArrayDataSource.m */; };
/* End PBXBuildFile section */

/* Begin PBXContainerItemProxy section */
		8ABF800F186F8A05005160B8 /* PBXContainerItemProxy */ = {
			isa = PBXContainerItemProxy;
			containerPortal = 8ABF7FE7186F8A04005160B8 /* Project object */;
			proxyType = 1;
			remoteGlobalIDString = 8ABF7FEE186F8A04005160B8;
			remoteInfo = mapTwitter;
		};
/* End PBXContainerItemProxy section */

/* Begin PBXFileReference section */
		8A25AE7E18775B630032E51D /* Tweet.h */ = {isa = PBXFileReference; fileEncoding = 4; lastKnownFileType = sourcecode.c.h; path = Tweet.h; sourceTree = "<group>"; };
		8A25AE7F18775B630032E51D /* Tweet.m */ = {isa = PBXFileReference; fileEncoding = 4; lastKnownFileType = sourcecode.c.objc; path = Tweet.m; sourceTree = "<group>"; };
		8A25AE81187764520032E51D /* UIFont+Additions.h */ = {isa = PBXFileReference; fileEncoding = 4; lastKnownFileType = sourcecode.c.h; path = "UIFont+Additions.h"; sourceTree = "<group>"; };
		8A25AE82187764520032E51D /* UIFont+Additions.m */ = {isa = PBXFileReference; fileEncoding = 4; lastKnownFileType = sourcecode.c.objc; path = "UIFont+Additions.m"; sourceTree = "<group>"; };
		8A25AE841877689A0032E51D /* NSString+Additions.h */ = {isa = PBXFileReference; fileEncoding = 4; lastKnownFileType = sourcecode.c.h; path = "NSString+Additions.h"; sourceTree = "<group>"; };
		8A25AE851877689A0032E51D /* NSString+Additions.m */ = {isa = PBXFileReference; fileEncoding = 4; lastKnownFileType = sourcecode.c.objc; path = "NSString+Additions.m"; sourceTree = "<group>"; };
		8A25AE87187776330032E51D /* MTDefine.h */ = {isa = PBXFileReference; fileEncoding = 4; lastKnownFileType = sourcecode.c.h; name = MTDefine.h; path = ../MTDefine.h; sourceTree = "<group>"; };
		8A5257CD18791DEF00F56992 /* SearchInfo.h */ = {isa = PBXFileReference; fileEncoding = 4; lastKnownFileType = sourcecode.c.h; path = SearchInfo.h; sourceTree = "<group>"; };
		8A5257CE18791DEF00F56992 /* SearchInfo.m */ = {isa = PBXFileReference; fileEncoding = 4; lastKnownFileType = sourcecode.c.objc; path = SearchInfo.m; sourceTree = "<group>"; };
		8A64081218779A450029E101 /* YSMTCell.h */ = {isa = PBXFileReference; fileEncoding = 4; lastKnownFileType = sourcecode.c.h; path = YSMTCell.h; sourceTree = "<group>"; };
		8A64081318779A450029E101 /* YSMTCell.m */ = {isa = PBXFileReference; fileEncoding = 4; lastKnownFileType = sourcecode.c.objc; path = YSMTCell.m; sourceTree = "<group>"; };
		8A64081518779E630029E101 /* UIColor+Additions.h */ = {isa = PBXFileReference; fileEncoding = 4; lastKnownFileType = sourcecode.c.h; path = "UIColor+Additions.h"; sourceTree = "<group>"; };
		8A64081618779E630029E101 /* UIColor+Additions.m */ = {isa = PBXFileReference; fileEncoding = 4; lastKnownFileType = sourcecode.c.objc; path = "UIColor+Additions.m"; sourceTree = "<group>"; };
		8A6408181877AE930029E101 /* Fanben_Avatar_Placeholder_66.png */ = {isa = PBXFileReference; lastKnownFileType = image.png; path = Fanben_Avatar_Placeholder_66.png; sourceTree = "<group>"; };
		8A6408191877AE930029E101 /* Fanben_Avatar_Placeholder_66@2x.png */ = {isa = PBXFileReference; lastKnownFileType = image.png; path = "Fanben_Avatar_Placeholder_66@2x.png"; sourceTree = "<group>"; };
		8A64081C1877AF390029E101 /* YSAsistance.h */ = {isa = PBXFileReference; fileEncoding = 4; lastKnownFileType = sourcecode.c.h; path = YSAsistance.h; sourceTree = "<group>"; };
		8A64081D1877AF390029E101 /* YSAsistance.m */ = {isa = PBXFileReference; fileEncoding = 4; lastKnownFileType = sourcecode.c.objc; path = YSAsistance.m; sourceTree = "<group>"; };
		8A6408201877B50E0029E101 /* MKAnnotationView+WebCache.h */ = {isa = PBXFileReference; fileEncoding = 4; lastKnownFileType = sourcecode.c.h; path = "MKAnnotationView+WebCache.h"; sourceTree = "<group>"; };
		8A6408211877B50E0029E101 /* MKAnnotationView+WebCache.m */ = {isa = PBXFileReference; fileEncoding = 4; lastKnownFileType = sourcecode.c.objc; path = "MKAnnotationView+WebCache.m"; sourceTree = "<group>"; };
		8A6408221877B50E0029E101 /* SDImageCache.h */ = {isa = PBXFileReference; fileEncoding = 4; lastKnownFileType = sourcecode.c.h; path = SDImageCache.h; sourceTree = "<group>"; };
		8A6408231877B50E0029E101 /* SDImageCache.m */ = {isa = PBXFileReference; fileEncoding = 4; lastKnownFileType = sourcecode.c.objc; path = SDImageCache.m; sourceTree = "<group>"; };
		8A6408241877B50E0029E101 /* SDWebImageCompat.h */ = {isa = PBXFileReference; fileEncoding = 4; lastKnownFileType = sourcecode.c.h; path = SDWebImageCompat.h; sourceTree = "<group>"; };
		8A6408251877B50E0029E101 /* SDWebImageCompat.m */ = {isa = PBXFileReference; fileEncoding = 4; lastKnownFileType = sourcecode.c.objc; path = SDWebImageCompat.m; sourceTree = "<group>"; };
		8A6408261877B50E0029E101 /* SDWebImageDecoder.h */ = {isa = PBXFileReference; fileEncoding = 4; lastKnownFileType = sourcecode.c.h; path = SDWebImageDecoder.h; sourceTree = "<group>"; };
		8A6408271877B50E0029E101 /* SDWebImageDecoder.m */ = {isa = PBXFileReference; fileEncoding = 4; lastKnownFileType = sourcecode.c.objc; path = SDWebImageDecoder.m; sourceTree = "<group>"; };
		8A6408281877B50E0029E101 /* SDWebImageDownloader.h */ = {isa = PBXFileReference; fileEncoding = 4; lastKnownFileType = sourcecode.c.h; path = SDWebImageDownloader.h; sourceTree = "<group>"; };
		8A6408291877B50E0029E101 /* SDWebImageDownloader.m */ = {isa = PBXFileReference; fileEncoding = 4; lastKnownFileType = sourcecode.c.objc; path = SDWebImageDownloader.m; sourceTree = "<group>"; };
		8A64082A1877B50E0029E101 /* SDWebImageDownloaderOperation.h */ = {isa = PBXFileReference; fileEncoding = 4; lastKnownFileType = sourcecode.c.h; path = SDWebImageDownloaderOperation.h; sourceTree = "<group>"; };
		8A64082B1877B50E0029E101 /* SDWebImageDownloaderOperation.m */ = {isa = PBXFileReference; fileEncoding = 4; lastKnownFileType = sourcecode.c.objc; path = SDWebImageDownloaderOperation.m; sourceTree = "<group>"; };
		8A64082C1877B50E0029E101 /* SDWebImageManager.h */ = {isa = PBXFileReference; fileEncoding = 4; lastKnownFileType = sourcecode.c.h; path = SDWebImageManager.h; sourceTree = "<group>"; };
		8A64082D1877B50E0029E101 /* SDWebImageManager.m */ = {isa = PBXFileReference; fileEncoding = 4; lastKnownFileType = sourcecode.c.objc; path = SDWebImageManager.m; sourceTree = "<group>"; };
		8A64082E1877B50E0029E101 /* SDWebImageOperation.h */ = {isa = PBXFileReference; fileEncoding = 4; lastKnownFileType = sourcecode.c.h; path = SDWebImageOperation.h; sourceTree = "<group>"; };
		8A64082F1877B50E0029E101 /* SDWebImagePrefetcher.h */ = {isa = PBXFileReference; fileEncoding = 4; lastKnownFileType = sourcecode.c.h; path = SDWebImagePrefetcher.h; sourceTree = "<group>"; };
		8A6408301877B50E0029E101 /* SDWebImagePrefetcher.m */ = {isa = PBXFileReference; fileEncoding = 4; lastKnownFileType = sourcecode.c.objc; path = SDWebImagePrefetcher.m; sourceTree = "<group>"; };
		8A6408311877B50E0029E101 /* UIButton+WebCache.h */ = {isa = PBXFileReference; fileEncoding = 4; lastKnownFileType = sourcecode.c.h; path = "UIButton+WebCache.h"; sourceTree = "<group>"; };
		8A6408321877B50E0029E101 /* UIButton+WebCache.m */ = {isa = PBXFileReference; fileEncoding = 4; lastKnownFileType = sourcecode.c.objc; path = "UIButton+WebCache.m"; sourceTree = "<group>"; };
		8A6408331877B50E0029E101 /* UIImageView+WebCache.h */ = {isa = PBXFileReference; fileEncoding = 4; lastKnownFileType = sourcecode.c.h; path = "UIImageView+WebCache.h"; sourceTree = "<group>"; };
		8A6408341877B50E0029E101 /* UIImageView+WebCache.m */ = {isa = PBXFileReference; fileEncoding = 4; lastKnownFileType = sourcecode.c.objc; path = "UIImageView+WebCache.m"; sourceTree = "<group>"; };
		8A71EE57187524A4006D2B5C /* note-reply-field.png */ = {isa = PBXFileReference; lastKnownFileType = image.png; path = "note-reply-field.png"; sourceTree = "<group>"; };
		8A71EE58187524A4006D2B5C /* note-reply-field@2x.png */ = {isa = PBXFileReference; lastKnownFileType = image.png; path = "note-reply-field@2x.png"; sourceTree = "<group>"; };
		8A7341581878E08800A7A5FD /* SearchInfo+create.h */ = {isa = PBXFileReference; fileEncoding = 4; lastKnownFileType = sourcecode.c.h; name = "SearchInfo+create.h"; path = "../SearchInfo+create.h"; sourceTree = "<group>"; };
		8A7341591878E08800A7A5FD /* SearchInfo+create.m */ = {isa = PBXFileReference; fileEncoding = 4; lastKnownFileType = sourcecode.c.objc; name = "SearchInfo+create.m"; path = "../SearchInfo+create.m"; sourceTree = "<group>"; };
		8A73415B1878E0A600A7A5FD /* ResultTweet+create.h */ = {isa = PBXFileReference; fileEncoding = 4; lastKnownFileType = sourcecode.c.h; path = "ResultTweet+create.h"; sourceTree = "<group>"; };
		8A73415C1878E0A600A7A5FD /* ResultTweet+create.m */ = {isa = PBXFileReference; fileEncoding = 4; lastKnownFileType = sourcecode.c.objc; path = "ResultTweet+create.m"; sourceTree = "<group>"; };
		8A73415F1878F13400A7A5FD /* Constants.h */ = {isa = PBXFileReference; fileEncoding = 4; lastKnownFileType = sourcecode.c.h; path = Constants.h; sourceTree = "<group>"; };
		8A7341601878F13400A7A5FD /* NSMutableArray+SWUtilityButtons.h */ = {isa = PBXFileReference; fileEncoding = 4; lastKnownFileType = sourcecode.c.h; path = "NSMutableArray+SWUtilityButtons.h"; sourceTree = "<group>"; };
		8A7341611878F13400A7A5FD /* NSMutableArray+SWUtilityButtons.m */ = {isa = PBXFileReference; fileEncoding = 4; lastKnownFileType = sourcecode.c.objc; path = "NSMutableArray+SWUtilityButtons.m"; sourceTree = "<group>"; };
		8A7341621878F13400A7A5FD /* SWCellScrollView.h */ = {isa = PBXFileReference; fileEncoding = 4; lastKnownFileType = sourcecode.c.h; path = SWCellScrollView.h; sourceTree = "<group>"; };
		8A7341631878F13400A7A5FD /* SWCellScrollView.m */ = {isa = PBXFileReference; fileEncoding = 4; lastKnownFileType = sourcecode.c.objc; path = SWCellScrollView.m; sourceTree = "<group>"; };
		8A7341641878F13400A7A5FD /* SWLongPressGestureRecognizer.h */ = {isa = PBXFileReference; fileEncoding = 4; lastKnownFileType = sourcecode.c.h; path = SWLongPressGestureRecognizer.h; sourceTree = "<group>"; };
		8A7341651878F13400A7A5FD /* SWLongPressGestureRecognizer.m */ = {isa = PBXFileReference; fileEncoding = 4; lastKnownFileType = sourcecode.c.objc; path = SWLongPressGestureRecognizer.m; sourceTree = "<group>"; };
		8A7341661878F13400A7A5FD /* SWTableViewCell.h */ = {isa = PBXFileReference; fileEncoding = 4; lastKnownFileType = sourcecode.c.h; path = SWTableViewCell.h; sourceTree = "<group>"; };
		8A7341671878F13400A7A5FD /* SWTableViewCell.m */ = {isa = PBXFileReference; fileEncoding = 4; lastKnownFileType = sourcecode.c.objc; path = SWTableViewCell.m; sourceTree = "<group>"; };
		8A7341681878F13400A7A5FD /* SWUtilityButtonTapGestureRecognizer.h */ = {isa = PBXFileReference; fileEncoding = 4; lastKnownFileType = sourcecode.c.h; path = SWUtilityButtonTapGestureRecognizer.h; sourceTree = "<group>"; };
		8A7341691878F13400A7A5FD /* SWUtilityButtonTapGestureRecognizer.m */ = {isa = PBXFileReference; fileEncoding = 4; lastKnownFileType = sourcecode.c.objc; path = SWUtilityButtonTapGestureRecognizer.m; sourceTree = "<group>"; };
		8A73416A1878F13400A7A5FD /* SWUtilityButtonView.h */ = {isa = PBXFileReference; fileEncoding = 4; lastKnownFileType = sourcecode.c.h; path = SWUtilityButtonView.h; sourceTree = "<group>"; };
		8A73416B1878F13400A7A5FD /* SWUtilityButtonView.m */ = {isa = PBXFileReference; fileEncoding = 4; lastKnownFileType = sourcecode.c.objc; path = SWUtilityButtonView.m; sourceTree = "<group>"; };
		8A887EAF18735C55005C9BAF /* SearchPostView.h */ = {isa = PBXFileReference; fileEncoding = 4; lastKnownFileType = sourcecode.c.h; path = SearchPostView.h; sourceTree = "<group>"; };
		8A887EB018735C55005C9BAF /* SearchPostView.m */ = {isa = PBXFileReference; fileEncoding = 4; lastKnownFileType = sourcecode.c.objc; path = SearchPostView.m; sourceTree = "<group>"; };
		8A9C9D9018722F1E00429611 /* IOS7CorrectedTextView.h */ = {isa = PBXFileReference; fileEncoding = 4; lastKnownFileType = sourcecode.c.h; path = IOS7CorrectedTextView.h; sourceTree = "<group>"; };
		8A9C9D9118722F1E00429611 /* IOS7CorrectedTextView.m */ = {isa = PBXFileReference; fileEncoding = 4; lastKnownFileType = sourcecode.c.objc; path = IOS7CorrectedTextView.m; sourceTree = "<group>"; };
		8AA4F7D41870CC26009150EE /* searchMapVC.h */ = {isa = PBXFileReference; fileEncoding = 4; lastKnownFileType = sourcecode.c.h; path = searchMapVC.h; sourceTree = "<group>"; };
		8AA4F7D51870CC26009150EE /* searchMapVC.m */ = {isa = PBXFileReference; fileEncoding = 4; lastKnownFileType = sourcecode.c.objc; path = searchMapVC.m; sourceTree = "<group>"; };
		8AA4F7D71870CD95009150EE /* GoogleMaps.framework */ = {isa = PBXFileReference; lastKnownFileType = wrapper.framework; path = GoogleMaps.framework; sourceTree = "<group>"; };
		8AA4F7D91870CDF2009150EE /* GoogleMaps.bundle */ = {isa = PBXFileReference; lastKnownFileType = "wrapper.plug-in"; name = GoogleMaps.bundle; path = GoogleMaps.framework/Versions/A/Resources/GoogleMaps.bundle; sourceTree = "<group>"; };
		8AA4F7DB1870CE62009150EE /* AVFoundation.framework */ = {isa = PBXFileReference; lastKnownFileType = wrapper.framework; name = AVFoundation.framework; path = System/Library/Frameworks/AVFoundation.framework; sourceTree = SDKROOT; };
		8AA4F7DD1870CE69009150EE /* CoreData.framework */ = {isa = PBXFileReference; lastKnownFileType = wrapper.framework; name = CoreData.framework; path = System/Library/Frameworks/CoreData.framework; sourceTree = SDKROOT; };
		8AA4F7DF1870CE77009150EE /* CoreLocation.framework */ = {isa = PBXFileReference; lastKnownFileType = wrapper.framework; name = CoreLocation.framework; path = System/Library/Frameworks/CoreLocation.framework; sourceTree = SDKROOT; };
		8AA4F7E11870CE86009150EE /* CoreText.framework */ = {isa = PBXFileReference; lastKnownFileType = wrapper.framework; name = CoreText.framework; path = System/Library/Frameworks/CoreText.framework; sourceTree = SDKROOT; };
		8AA4F7E31870CE91009150EE /* GLKit.framework */ = {isa = PBXFileReference; lastKnownFileType = wrapper.framework; name = GLKit.framework; path = System/Library/Frameworks/GLKit.framework; sourceTree = SDKROOT; };
		8AA4F7E51870CE9D009150EE /* ImageIO.framework */ = {isa = PBXFileReference; lastKnownFileType = wrapper.framework; name = ImageIO.framework; path = System/Library/Frameworks/ImageIO.framework; sourceTree = SDKROOT; };
		8AA4F7E71870CEAD009150EE /* libc++.dylib */ = {isa = PBXFileReference; lastKnownFileType = "compiled.mach-o.dylib"; name = "libc++.dylib"; path = "usr/lib/libc++.dylib"; sourceTree = SDKROOT; };
		8AA4F7E91870CEC4009150EE /* libicucore.dylib */ = {isa = PBXFileReference; lastKnownFileType = "compiled.mach-o.dylib"; name = libicucore.dylib; path = usr/lib/libicucore.dylib; sourceTree = SDKROOT; };
		8AA4F7EB1870CED7009150EE /* libz.dylib */ = {isa = PBXFileReference; lastKnownFileType = "compiled.mach-o.dylib"; name = libz.dylib; path = usr/lib/libz.dylib; sourceTree = SDKROOT; };
		8AA4F7ED1870CEE3009150EE /* OpenGLES.framework */ = {isa = PBXFileReference; lastKnownFileType = wrapper.framework; name = OpenGLES.framework; path = System/Library/Frameworks/OpenGLES.framework; sourceTree = SDKROOT; };
		8AA4F7EF1870CEEE009150EE /* QuartzCore.framework */ = {isa = PBXFileReference; lastKnownFileType = wrapper.framework; name = QuartzCore.framework; path = System/Library/Frameworks/QuartzCore.framework; sourceTree = SDKROOT; };
		8AA4F7F11870CEFB009150EE /* SystemConfiguration.framework */ = {isa = PBXFileReference; lastKnownFileType = wrapper.framework; name = SystemConfiguration.framework; path = System/Library/Frameworks/SystemConfiguration.framework; sourceTree = SDKROOT; };
		8AA4F7F31870CFB1009150EE /* MTGoogleMapAPIKey.h */ = {isa = PBXFileReference; fileEncoding = 4; lastKnownFileType = sourcecode.c.h; path = MTGoogleMapAPIKey.h; sourceTree = "<group>"; };
		8AA4F7F51870D799009150EE /* icon-reader-topics-active.png */ = {isa = PBXFileReference; lastKnownFileType = image.png; path = "icon-reader-topics-active.png"; sourceTree = "<group>"; };
		8AA4F7F61870D799009150EE /* icon-reader-topics-active@2x.png */ = {isa = PBXFileReference; lastKnownFileType = image.png; path = "icon-reader-topics-active@2x.png"; sourceTree = "<group>"; };
		8AA4F7F71870D799009150EE /* icon-reader-topics.png */ = {isa = PBXFileReference; lastKnownFileType = image.png; path = "icon-reader-topics.png"; sourceTree = "<group>"; };
		8AA4F7F81870D799009150EE /* icon-reader-topics@2x.png */ = {isa = PBXFileReference; lastKnownFileType = image.png; path = "icon-reader-topics@2x.png"; sourceTree = "<group>"; };
		8AA4F7FD1871071A009150EE /* Accounts.framework */ = {isa = PBXFileReference; lastKnownFileType = wrapper.framework; name = Accounts.framework; path = System/Library/Frameworks/Accounts.framework; sourceTree = SDKROOT; };
		8AA4F7FF18710723009150EE /* Social.framework */ = {isa = PBXFileReference; lastKnownFileType = wrapper.framework; name = Social.framework; path = System/Library/Frameworks/Social.framework; sourceTree = SDKROOT; };
		8AA4F80318710E0C009150EE /* NSDateFormatter+STTwitter.h */ = {isa = PBXFileReference; fileEncoding = 4; lastKnownFileType = sourcecode.c.h; path = "NSDateFormatter+STTwitter.h"; sourceTree = "<group>"; };
		8AA4F80418710E0C009150EE /* NSDateFormatter+STTwitter.m */ = {isa = PBXFileReference; fileEncoding = 4; lastKnownFileType = sourcecode.c.objc; path = "NSDateFormatter+STTwitter.m"; sourceTree = "<group>"; };
		8AA4F80518710E0C009150EE /* NSString+STTwitter.h */ = {isa = PBXFileReference; fileEncoding = 4; lastKnownFileType = sourcecode.c.h; path = "NSString+STTwitter.h"; sourceTree = "<group>"; };
		8AA4F80618710E0C009150EE /* NSString+STTwitter.m */ = {isa = PBXFileReference; fileEncoding = 4; lastKnownFileType = sourcecode.c.objc; path = "NSString+STTwitter.m"; sourceTree = "<group>"; };
		8AA4F80718710E0C009150EE /* STHTTPRequest+STTwitter.h */ = {isa = PBXFileReference; fileEncoding = 4; lastKnownFileType = sourcecode.c.h; path = "STHTTPRequest+STTwitter.h"; sourceTree = "<group>"; };
		8AA4F80818710E0C009150EE /* STHTTPRequest+STTwitter.m */ = {isa = PBXFileReference; fileEncoding = 4; lastKnownFileType = sourcecode.c.objc; path = "STHTTPRequest+STTwitter.m"; sourceTree = "<group>"; };
		8AA4F80918710E0C009150EE /* STTwitter.h */ = {isa = PBXFileReference; fileEncoding = 4; lastKnownFileType = sourcecode.c.h; path = STTwitter.h; sourceTree = "<group>"; };
		8AA4F80A18710E0C009150EE /* STTwitterAPI.h */ = {isa = PBXFileReference; fileEncoding = 4; lastKnownFileType = sourcecode.c.h; path = STTwitterAPI.h; sourceTree = "<group>"; };
		8AA4F80B18710E0C009150EE /* STTwitterAPI.m */ = {isa = PBXFileReference; fileEncoding = 4; lastKnownFileType = sourcecode.c.objc; path = STTwitterAPI.m; sourceTree = "<group>"; };
		8AA4F80C18710E0C009150EE /* STTwitterAppOnly.h */ = {isa = PBXFileReference; fileEncoding = 4; lastKnownFileType = sourcecode.c.h; path = STTwitterAppOnly.h; sourceTree = "<group>"; };
		8AA4F80D18710E0C009150EE /* STTwitterAppOnly.m */ = {isa = PBXFileReference; fileEncoding = 4; lastKnownFileType = sourcecode.c.objc; path = STTwitterAppOnly.m; sourceTree = "<group>"; };
		8AA4F80E18710E0C009150EE /* STTwitterHTML.h */ = {isa = PBXFileReference; fileEncoding = 4; lastKnownFileType = sourcecode.c.h; path = STTwitterHTML.h; sourceTree = "<group>"; };
		8AA4F80F18710E0C009150EE /* STTwitterHTML.m */ = {isa = PBXFileReference; fileEncoding = 4; lastKnownFileType = sourcecode.c.objc; path = STTwitterHTML.m; sourceTree = "<group>"; };
		8AA4F81018710E0C009150EE /* STTwitterOAuth.h */ = {isa = PBXFileReference; fileEncoding = 4; lastKnownFileType = sourcecode.c.h; path = STTwitterOAuth.h; sourceTree = "<group>"; };
		8AA4F81118710E0C009150EE /* STTwitterOAuth.m */ = {isa = PBXFileReference; fileEncoding = 4; lastKnownFileType = sourcecode.c.objc; path = STTwitterOAuth.m; sourceTree = "<group>"; };
		8AA4F81218710E0C009150EE /* STTwitterOS.h */ = {isa = PBXFileReference; fileEncoding = 4; lastKnownFileType = sourcecode.c.h; path = STTwitterOS.h; sourceTree = "<group>"; };
		8AA4F81318710E0C009150EE /* STTwitterOS.m */ = {isa = PBXFileReference; fileEncoding = 4; lastKnownFileType = sourcecode.c.objc; path = STTwitterOS.m; sourceTree = "<group>"; };
		8AA4F81418710E0C009150EE /* STTwitterProtocol.h */ = {isa = PBXFileReference; fileEncoding = 4; lastKnownFileType = sourcecode.c.h; path = STTwitterProtocol.h; sourceTree = "<group>"; };
		8AA4F81618710E0C009150EE /* BAVPlistNode.h */ = {isa = PBXFileReference; fileEncoding = 4; lastKnownFileType = sourcecode.c.h; path = BAVPlistNode.h; sourceTree = "<group>"; };
		8AA4F81718710E0C009150EE /* BAVPlistNode.m */ = {isa = PBXFileReference; fileEncoding = 4; lastKnownFileType = sourcecode.c.objc; path = BAVPlistNode.m; sourceTree = "<group>"; };
		8AA4F81818710E0C009150EE /* JSONSyntaxHighlight.h */ = {isa = PBXFileReference; fileEncoding = 4; lastKnownFileType = sourcecode.c.h; path = JSONSyntaxHighlight.h; sourceTree = "<group>"; };
		8AA4F81918710E0C009150EE /* JSONSyntaxHighlight.m */ = {isa = PBXFileReference; fileEncoding = 4; lastKnownFileType = sourcecode.c.objc; path = JSONSyntaxHighlight.m; sourceTree = "<group>"; };
		8AA4F81A18710E0C009150EE /* STHTTPRequest.h */ = {isa = PBXFileReference; fileEncoding = 4; lastKnownFileType = sourcecode.c.h; path = STHTTPRequest.h; sourceTree = "<group>"; };
		8AA4F81B18710E0C009150EE /* STHTTPRequest.m */ = {isa = PBXFileReference; fileEncoding = 4; lastKnownFileType = sourcecode.c.objc; path = STHTTPRequest.m; sourceTree = "<group>"; };
		8AA4F82718710E29009150EE /* Twitter.framework */ = {isa = PBXFileReference; lastKnownFileType = wrapper.framework; name = Twitter.framework; path = System/Library/Frameworks/Twitter.framework; sourceTree = SDKROOT; };
		8AAA141118789ACD00C23FBA /* MTSearchTweets.xcdatamodel */ = {isa = PBXFileReference; lastKnownFileType = wrapper.xcdatamodel; path = MTSearchTweets.xcdatamodel; sourceTree = "<group>"; };
		8AAA141918789D5C00C23FBA /* ResultTweet.h */ = {isa = PBXFileReference; fileEncoding = 4; lastKnownFileType = sourcecode.c.h; path = ResultTweet.h; sourceTree = "<group>"; };
		8AAA141A18789D5C00C23FBA /* ResultTweet.m */ = {isa = PBXFileReference; fileEncoding = 4; lastKnownFileType = sourcecode.c.objc; path = ResultTweet.m; sourceTree = "<group>"; };
		8AAA141F18789F2200C23FBA /* SearchHistoryCell.h */ = {isa = PBXFileReference; fileEncoding = 4; lastKnownFileType = sourcecode.c.h; path = SearchHistoryCell.h; sourceTree = "<group>"; };
		8AAA142018789F2200C23FBA /* SearchHistoryCell.m */ = {isa = PBXFileReference; fileEncoding = 4; lastKnownFileType = sourcecode.c.objc; path = SearchHistoryCell.m; sourceTree = "<group>"; };
		8AAA142218789FEB00C23FBA /* PersistentStack.h */ = {isa = PBXFileReference; fileEncoding = 4; lastKnownFileType = sourcecode.c.h; path = PersistentStack.h; sourceTree = "<group>"; };
		8AAA142318789FEB00C23FBA /* PersistentStack.m */ = {isa = PBXFileReference; fileEncoding = 4; lastKnownFileType = sourcecode.c.objc; path = PersistentStack.m; sourceTree = "<group>"; };
		8AAA14251878AAB600C23FBA /* FetchResultsControllerDataSource.h */ = {isa = PBXFileReference; fileEncoding = 4; lastKnownFileType = sourcecode.c.h; path = FetchResultsControllerDataSource.h; sourceTree = "<group>"; };
		8AAA14261878AAB600C23FBA /* FetchResultsControllerDataSource.m */ = {isa = PBXFileReference; fileEncoding = 4; lastKnownFileType = sourcecode.c.objc; path = FetchResultsControllerDataSource.m; sourceTree = "<group>"; };
		8ABF7FEF186F8A04005160B8 /* mapTwitter.app */ = {isa = PBXFileReference; explicitFileType = wrapper.application; includeInIndex = 0; path = mapTwitter.app; sourceTree = BUILT_PRODUCTS_DIR; };
		8ABF7FF2186F8A04005160B8 /* Foundation.framework */ = {isa = PBXFileReference; lastKnownFileType = wrapper.framework; name = Foundation.framework; path = System/Library/Frameworks/Foundation.framework; sourceTree = SDKROOT; };
		8ABF7FF4186F8A04005160B8 /* CoreGraphics.framework */ = {isa = PBXFileReference; lastKnownFileType = wrapper.framework; name = CoreGraphics.framework; path = System/Library/Frameworks/CoreGraphics.framework; sourceTree = SDKROOT; };
		8ABF7FF6186F8A04005160B8 /* UIKit.framework */ = {isa = PBXFileReference; lastKnownFileType = wrapper.framework; name = UIKit.framework; path = System/Library/Frameworks/UIKit.framework; sourceTree = SDKROOT; };
		8ABF7FFA186F8A04005160B8 /* mapTwitter-Info.plist */ = {isa = PBXFileReference; lastKnownFileType = text.plist.xml; path = "mapTwitter-Info.plist"; sourceTree = "<group>"; };
		8ABF7FFC186F8A04005160B8 /* en */ = {isa = PBXFileReference; lastKnownFileType = text.plist.strings; name = en; path = en.lproj/InfoPlist.strings; sourceTree = "<group>"; };
		8ABF7FFE186F8A04005160B8 /* main.m */ = {isa = PBXFileReference; lastKnownFileType = sourcecode.c.objc; path = main.m; sourceTree = "<group>"; };
		8ABF8000186F8A04005160B8 /* mapTwitter-Prefix.pch */ = {isa = PBXFileReference; lastKnownFileType = sourcecode.c.h; path = "mapTwitter-Prefix.pch"; sourceTree = "<group>"; };
		8ABF8001186F8A04005160B8 /* UWBEAppDelegate.h */ = {isa = PBXFileReference; lastKnownFileType = sourcecode.c.h; path = UWBEAppDelegate.h; sourceTree = "<group>"; };
		8ABF8002186F8A04005160B8 /* UWBEAppDelegate.m */ = {isa = PBXFileReference; lastKnownFileType = sourcecode.c.objc; path = UWBEAppDelegate.m; sourceTree = "<group>"; };
		8ABF8004186F8A05005160B8 /* Images.xcassets */ = {isa = PBXFileReference; lastKnownFileType = folder.assetcatalog; path = Images.xcassets; sourceTree = "<group>"; };
		8ABF800A186F8A05005160B8 /* mapTwitterTests.xctest */ = {isa = PBXFileReference; explicitFileType = wrapper.cfbundle; includeInIndex = 0; path = mapTwitterTests.xctest; sourceTree = BUILT_PRODUCTS_DIR; };
		8ABF800B186F8A05005160B8 /* XCTest.framework */ = {isa = PBXFileReference; lastKnownFileType = wrapper.framework; name = XCTest.framework; path = Library/Frameworks/XCTest.framework; sourceTree = DEVELOPER_DIR; };
		8ABF8013186F8A05005160B8 /* mapTwitterTests-Info.plist */ = {isa = PBXFileReference; lastKnownFileType = text.plist.xml; path = "mapTwitterTests-Info.plist"; sourceTree = "<group>"; };
		8ABF8015186F8A05005160B8 /* en */ = {isa = PBXFileReference; lastKnownFileType = text.plist.strings; name = en; path = en.lproj/InfoPlist.strings; sourceTree = "<group>"; };
		8ABF8017186F8A05005160B8 /* mapTwitterTests.m */ = {isa = PBXFileReference; lastKnownFileType = sourcecode.c.objc; path = mapTwitterTests.m; sourceTree = "<group>"; };
		8ABF8022186F9135005160B8 /* SearchHistoryVC.h */ = {isa = PBXFileReference; fileEncoding = 4; lastKnownFileType = sourcecode.c.h; path = SearchHistoryVC.h; sourceTree = "<group>"; };
		8ABF8023186F9135005160B8 /* SearchHistoryVC.m */ = {isa = PBXFileReference; fileEncoding = 4; lastKnownFileType = sourcecode.c.objc; path = SearchHistoryVC.m; sourceTree = "<group>"; };
		8ABF8026186F92F2005160B8 /* MTStyles.h */ = {isa = PBXFileReference; fileEncoding = 4; lastKnownFileType = sourcecode.c.h; path = MTStyles.h; sourceTree = "<group>"; };
		8ABF8027186F92F2005160B8 /* MTStyles.m */ = {isa = PBXFileReference; fileEncoding = 4; lastKnownFileType = sourcecode.c.objc; path = MTStyles.m; sourceTree = "<group>"; };
		8ABF806A186FBA64005160B8 /* OpenSans-Bold.ttf */ = {isa = PBXFileReference; lastKnownFileType = file; path = "OpenSans-Bold.ttf"; sourceTree = "<group>"; };
		8AE2E7571876164B0021DB3F /* TweetsResultVC.h */ = {isa = PBXFileReference; fileEncoding = 4; lastKnownFileType = sourcecode.c.h; path = TweetsResultVC.h; sourceTree = "<group>"; };
		8AE2E7581876164B0021DB3F /* TweetsResultVC.m */ = {isa = PBXFileReference; fileEncoding = 4; lastKnownFileType = sourcecode.c.objc; path = TweetsResultVC.m; sourceTree = "<group>"; };
		8AE2E75A1876167E0021DB3F /* TweetsResultCell.h */ = {isa = PBXFileReference; fileEncoding = 4; lastKnownFileType = sourcecode.c.h; path = TweetsResultCell.h; sourceTree = "<group>"; };
		8AE2E75B1876167E0021DB3F /* TweetsResultCell.m */ = {isa = PBXFileReference; fileEncoding = 4; lastKnownFileType = sourcecode.c.objc; path = TweetsResultCell.m; sourceTree = "<group>"; };
		8AE2E75E187618450021DB3F /* TwitterAPI.h */ = {isa = PBXFileReference; fileEncoding = 4; lastKnownFileType = sourcecode.c.h; path = TwitterAPI.h; sourceTree = "<group>"; };
		8AE2E75F187618450021DB3F /* TwitterAPI.m */ = {isa = PBXFileReference; fileEncoding = 4; lastKnownFileType = sourcecode.c.objc; path = TwitterAPI.m; sourceTree = "<group>"; };
		8AE2E76118763ECD0021DB3F /* ArrayDataSource.h */ = {isa = PBXFileReference; fileEncoding = 4; lastKnownFileType = sourcecode.c.h; path = ArrayDataSource.h; sourceTree = "<group>"; };
		8AE2E76218763ECD0021DB3F /* ArrayDataSource.m */ = {isa = PBXFileReference; fileEncoding = 4; lastKnownFileType = sourcecode.c.objc; path = ArrayDataSource.m; sourceTree = "<group>"; };
/* End PBXFileReference section */

/* Begin PBXFrameworksBuildPhase section */
		8ABF7FEC186F8A04005160B8 /* Frameworks */ = {
			isa = PBXFrameworksBuildPhase;
			buildActionMask = 2147483647;
			files = (
<<<<<<< HEAD
				8AA4F7D81870CD95009150EE /* GoogleMaps.framework in Frameworks */,
=======
				8AA4F82818710E29009150EE /* Twitter.framework in Frameworks */,
				8AA4F80018710723009150EE /* Social.framework in Frameworks */,
				8AA4F7FE1871071B009150EE /* Accounts.framework in Frameworks */,
>>>>>>> 3d05fc9cb7fefb669da232dc3dd8e3cdfb1471c8
				8AA4F7F21870CEFB009150EE /* SystemConfiguration.framework in Frameworks */,
				8AA4F7F01870CEEE009150EE /* QuartzCore.framework in Frameworks */,
				8AA4F7EE1870CEE3009150EE /* OpenGLES.framework in Frameworks */,
				8AA4F7EC1870CED7009150EE /* libz.dylib in Frameworks */,
				8AA4F7EA1870CEC4009150EE /* libicucore.dylib in Frameworks */,
				8AA4F7E81870CEAD009150EE /* libc++.dylib in Frameworks */,
				8AA4F7E61870CE9D009150EE /* ImageIO.framework in Frameworks */,
				8AA4F7E41870CE91009150EE /* GLKit.framework in Frameworks */,
				8AA4F7E21870CE86009150EE /* CoreText.framework in Frameworks */,
				8AA4F7E01870CE77009150EE /* CoreLocation.framework in Frameworks */,
				8AA4F7DE1870CE69009150EE /* CoreData.framework in Frameworks */,
				8AA4F7DC1870CE62009150EE /* AVFoundation.framework in Frameworks */,
				8ABF7FF5186F8A04005160B8 /* CoreGraphics.framework in Frameworks */,
				8ABF7FF7186F8A04005160B8 /* UIKit.framework in Frameworks */,
				8ABF7FF3186F8A04005160B8 /* Foundation.framework in Frameworks */,
			);
			runOnlyForDeploymentPostprocessing = 0;
		};
		8ABF8007186F8A05005160B8 /* Frameworks */ = {
			isa = PBXFrameworksBuildPhase;
			buildActionMask = 2147483647;
			files = (
				8ABF800C186F8A05005160B8 /* XCTest.framework in Frameworks */,
				8ABF800E186F8A05005160B8 /* UIKit.framework in Frameworks */,
				8ABF800D186F8A05005160B8 /* Foundation.framework in Frameworks */,
			);
			runOnlyForDeploymentPostprocessing = 0;
		};
/* End PBXFrameworksBuildPhase section */

/* Begin PBXGroup section */
		8A64081F1877B50E0029E101 /* SDWebImage */ = {
			isa = PBXGroup;
			children = (
				8A6408201877B50E0029E101 /* MKAnnotationView+WebCache.h */,
				8A6408211877B50E0029E101 /* MKAnnotationView+WebCache.m */,
				8A6408221877B50E0029E101 /* SDImageCache.h */,
				8A6408231877B50E0029E101 /* SDImageCache.m */,
				8A6408241877B50E0029E101 /* SDWebImageCompat.h */,
				8A6408251877B50E0029E101 /* SDWebImageCompat.m */,
				8A6408261877B50E0029E101 /* SDWebImageDecoder.h */,
				8A6408271877B50E0029E101 /* SDWebImageDecoder.m */,
				8A6408281877B50E0029E101 /* SDWebImageDownloader.h */,
				8A6408291877B50E0029E101 /* SDWebImageDownloader.m */,
				8A64082A1877B50E0029E101 /* SDWebImageDownloaderOperation.h */,
				8A64082B1877B50E0029E101 /* SDWebImageDownloaderOperation.m */,
				8A64082C1877B50E0029E101 /* SDWebImageManager.h */,
				8A64082D1877B50E0029E101 /* SDWebImageManager.m */,
				8A64082E1877B50E0029E101 /* SDWebImageOperation.h */,
				8A64082F1877B50E0029E101 /* SDWebImagePrefetcher.h */,
				8A6408301877B50E0029E101 /* SDWebImagePrefetcher.m */,
				8A6408311877B50E0029E101 /* UIButton+WebCache.h */,
				8A6408321877B50E0029E101 /* UIButton+WebCache.m */,
				8A6408331877B50E0029E101 /* UIImageView+WebCache.h */,
				8A6408341877B50E0029E101 /* UIImageView+WebCache.m */,
			);
			path = SDWebImage;
			sourceTree = "<group>";
		};
		8A73415E1878F13400A7A5FD /* SWCell */ = {
			isa = PBXGroup;
			children = (
				8A73415F1878F13400A7A5FD /* Constants.h */,
				8A7341601878F13400A7A5FD /* NSMutableArray+SWUtilityButtons.h */,
				8A7341611878F13400A7A5FD /* NSMutableArray+SWUtilityButtons.m */,
				8A7341621878F13400A7A5FD /* SWCellScrollView.h */,
				8A7341631878F13400A7A5FD /* SWCellScrollView.m */,
				8A7341641878F13400A7A5FD /* SWLongPressGestureRecognizer.h */,
				8A7341651878F13400A7A5FD /* SWLongPressGestureRecognizer.m */,
				8A7341661878F13400A7A5FD /* SWTableViewCell.h */,
				8A7341671878F13400A7A5FD /* SWTableViewCell.m */,
				8A7341681878F13400A7A5FD /* SWUtilityButtonTapGestureRecognizer.h */,
				8A7341691878F13400A7A5FD /* SWUtilityButtonTapGestureRecognizer.m */,
				8A73416A1878F13400A7A5FD /* SWUtilityButtonView.h */,
				8A73416B1878F13400A7A5FD /* SWUtilityButtonView.m */,
			);
			name = SWCell;
			path = PodFiles;
			sourceTree = "<group>";
		};
		8AA4F7D21870CBEB009150EE /* SearchHistory */ = {
			isa = PBXGroup;
			children = (
				8ABF8022186F9135005160B8 /* SearchHistoryVC.h */,
				8ABF8023186F9135005160B8 /* SearchHistoryVC.m */,
				8AAA141F18789F2200C23FBA /* SearchHistoryCell.h */,
				8AAA142018789F2200C23FBA /* SearchHistoryCell.m */,
			);
			name = SearchHistory;
			sourceTree = "<group>";
		};
		8AA4F7D31870CBFE009150EE /* SearchMap */ = {
			isa = PBXGroup;
			children = (
				8A9C9D9018722F1E00429611 /* IOS7CorrectedTextView.h */,
				8A9C9D9118722F1E00429611 /* IOS7CorrectedTextView.m */,
				8A887EAF18735C55005C9BAF /* SearchPostView.h */,
				8A887EB018735C55005C9BAF /* SearchPostView.m */,
				8AA4F7D41870CC26009150EE /* searchMapVC.h */,
				8AA4F7D51870CC26009150EE /* searchMapVC.m */,
			);
			name = SearchMap;
			sourceTree = "<group>";
		};
		8AA4F7F41870D731009150EE /* Image */ = {
			isa = PBXGroup;
			children = (
				8AA4F7F51870D799009150EE /* icon-reader-topics-active.png */,
				8AA4F7F61870D799009150EE /* icon-reader-topics-active@2x.png */,
				8AA4F7F71870D799009150EE /* icon-reader-topics.png */,
				8AA4F7F81870D799009150EE /* icon-reader-topics@2x.png */,
				8A71EE57187524A4006D2B5C /* note-reply-field.png */,
				8A71EE58187524A4006D2B5C /* note-reply-field@2x.png */,
				8A6408181877AE930029E101 /* Fanben_Avatar_Placeholder_66.png */,
				8A6408191877AE930029E101 /* Fanben_Avatar_Placeholder_66@2x.png */,
			);
			name = Image;
			sourceTree = "<group>";
		};
		8AA4F80118710DD0009150EE /* vendor */ = {
			isa = PBXGroup;
			children = (
				8A73415E1878F13400A7A5FD /* SWCell */,
				8A64081F1877B50E0029E101 /* SDWebImage */,
				8AA4F80218710E0C009150EE /* STTwitter */,
			);
			name = vendor;
			sourceTree = "<group>";
		};
		8AA4F80218710E0C009150EE /* STTwitter */ = {
			isa = PBXGroup;
			children = (
				8AA4F80318710E0C009150EE /* NSDateFormatter+STTwitter.h */,
				8AA4F80418710E0C009150EE /* NSDateFormatter+STTwitter.m */,
				8AA4F80518710E0C009150EE /* NSString+STTwitter.h */,
				8AA4F80618710E0C009150EE /* NSString+STTwitter.m */,
				8AA4F80718710E0C009150EE /* STHTTPRequest+STTwitter.h */,
				8AA4F80818710E0C009150EE /* STHTTPRequest+STTwitter.m */,
				8AA4F80918710E0C009150EE /* STTwitter.h */,
				8AA4F80A18710E0C009150EE /* STTwitterAPI.h */,
				8AA4F80B18710E0C009150EE /* STTwitterAPI.m */,
				8AA4F80C18710E0C009150EE /* STTwitterAppOnly.h */,
				8AA4F80D18710E0C009150EE /* STTwitterAppOnly.m */,
				8AA4F80E18710E0C009150EE /* STTwitterHTML.h */,
				8AA4F80F18710E0C009150EE /* STTwitterHTML.m */,
				8AA4F81018710E0C009150EE /* STTwitterOAuth.h */,
				8AA4F81118710E0C009150EE /* STTwitterOAuth.m */,
				8AA4F81218710E0C009150EE /* STTwitterOS.h */,
				8AA4F81318710E0C009150EE /* STTwitterOS.m */,
				8AA4F81418710E0C009150EE /* STTwitterProtocol.h */,
				8AA4F81518710E0C009150EE /* Vendor */,
			);
			path = STTwitter;
			sourceTree = "<group>";
		};
		8AA4F81518710E0C009150EE /* Vendor */ = {
			isa = PBXGroup;
			children = (
				8AA4F81618710E0C009150EE /* BAVPlistNode.h */,
				8AA4F81718710E0C009150EE /* BAVPlistNode.m */,
				8AA4F81818710E0C009150EE /* JSONSyntaxHighlight.h */,
				8AA4F81918710E0C009150EE /* JSONSyntaxHighlight.m */,
				8AA4F81A18710E0C009150EE /* STHTTPRequest.h */,
				8AA4F81B18710E0C009150EE /* STHTTPRequest.m */,
			);
			path = Vendor;
			sourceTree = "<group>";
		};
		8ABF7FE6186F8A04005160B8 = {
			isa = PBXGroup;
			children = (
				8ABF7FF8186F8A04005160B8 /* mapTwitter */,
				8ABF8011186F8A05005160B8 /* mapTwitterTests */,
				8ABF7FF1186F8A04005160B8 /* Frameworks */,
				8ABF7FF0186F8A04005160B8 /* Products */,
			);
			sourceTree = "<group>";
		};
		8ABF7FF0186F8A04005160B8 /* Products */ = {
			isa = PBXGroup;
			children = (
				8ABF7FEF186F8A04005160B8 /* mapTwitter.app */,
				8ABF800A186F8A05005160B8 /* mapTwitterTests.xctest */,
			);
			name = Products;
			sourceTree = "<group>";
		};
		8ABF7FF1186F8A04005160B8 /* Frameworks */ = {
			isa = PBXGroup;
			children = (
				8AA4F82718710E29009150EE /* Twitter.framework */,
				8AA4F7FF18710723009150EE /* Social.framework */,
				8AA4F7FD1871071A009150EE /* Accounts.framework */,
				8AA4F7F11870CEFB009150EE /* SystemConfiguration.framework */,
				8AA4F7EF1870CEEE009150EE /* QuartzCore.framework */,
				8AA4F7ED1870CEE3009150EE /* OpenGLES.framework */,
				8AA4F7EB1870CED7009150EE /* libz.dylib */,
				8AA4F7E91870CEC4009150EE /* libicucore.dylib */,
				8AA4F7E71870CEAD009150EE /* libc++.dylib */,
				8AA4F7E51870CE9D009150EE /* ImageIO.framework */,
				8AA4F7E31870CE91009150EE /* GLKit.framework */,
				8AA4F7E11870CE86009150EE /* CoreText.framework */,
				8AA4F7DF1870CE77009150EE /* CoreLocation.framework */,
				8AA4F7DD1870CE69009150EE /* CoreData.framework */,
				8AA4F7DB1870CE62009150EE /* AVFoundation.framework */,
				8AA4F7D91870CDF2009150EE /* GoogleMaps.bundle */,
				8AA4F7D71870CD95009150EE /* GoogleMaps.framework */,
				8ABF7FF2186F8A04005160B8 /* Foundation.framework */,
				8ABF7FF4186F8A04005160B8 /* CoreGraphics.framework */,
				8ABF7FF6186F8A04005160B8 /* UIKit.framework */,
				8ABF800B186F8A05005160B8 /* XCTest.framework */,
			);
			name = Frameworks;
			sourceTree = "<group>";
		};
		8ABF7FF8186F8A04005160B8 /* mapTwitter */ = {
			isa = PBXGroup;
			children = (
				8AE2E75D187617B10021DB3F /* Model */,
				8AA4F7F41870D731009150EE /* Image */,
				8ABF8025186F92B4005160B8 /* Utilities */,
				8AE2E755187609830021DB3F /* TweetsResult */,
				8AA4F7D21870CBEB009150EE /* SearchHistory */,
				8AA4F7D31870CBFE009150EE /* SearchMap */,
				8ABF8001186F8A04005160B8 /* UWBEAppDelegate.h */,
				8ABF8002186F8A04005160B8 /* UWBEAppDelegate.m */,
				8ABF8004186F8A05005160B8 /* Images.xcassets */,
				8AA4F80118710DD0009150EE /* vendor */,
				8ABF7FF9186F8A04005160B8 /* Supporting Files */,
			);
			path = mapTwitter;
			sourceTree = "<group>";
		};
		8ABF7FF9186F8A04005160B8 /* Supporting Files */ = {
			isa = PBXGroup;
			children = (
				8ABF7FFA186F8A04005160B8 /* mapTwitter-Info.plist */,
				8ABF7FFB186F8A04005160B8 /* InfoPlist.strings */,
				8ABF806A186FBA64005160B8 /* OpenSans-Bold.ttf */,
				8ABF7FFE186F8A04005160B8 /* main.m */,
				8ABF8000186F8A04005160B8 /* mapTwitter-Prefix.pch */,
				8A25AE87187776330032E51D /* MTDefine.h */,
			);
			name = "Supporting Files";
			sourceTree = "<group>";
		};
		8ABF8011186F8A05005160B8 /* mapTwitterTests */ = {
			isa = PBXGroup;
			children = (
				8ABF8017186F8A05005160B8 /* mapTwitterTests.m */,
				8ABF8012186F8A05005160B8 /* Supporting Files */,
			);
			path = mapTwitterTests;
			sourceTree = "<group>";
		};
		8ABF8012186F8A05005160B8 /* Supporting Files */ = {
			isa = PBXGroup;
			children = (
				8ABF8013186F8A05005160B8 /* mapTwitterTests-Info.plist */,
				8ABF8014186F8A05005160B8 /* InfoPlist.strings */,
			);
			name = "Supporting Files";
			sourceTree = "<group>";
		};
		8ABF8025186F92B4005160B8 /* Utilities */ = {
			isa = PBXGroup;
			children = (
				8AA4F7F31870CFB1009150EE /* MTGoogleMapAPIKey.h */,
				8ABF8026186F92F2005160B8 /* MTStyles.h */,
				8ABF8027186F92F2005160B8 /* MTStyles.m */,
				8A25AE81187764520032E51D /* UIFont+Additions.h */,
				8A25AE82187764520032E51D /* UIFont+Additions.m */,
				8A25AE841877689A0032E51D /* NSString+Additions.h */,
				8A25AE851877689A0032E51D /* NSString+Additions.m */,
				8A64081518779E630029E101 /* UIColor+Additions.h */,
				8A64081618779E630029E101 /* UIColor+Additions.m */,
				8A64081C1877AF390029E101 /* YSAsistance.h */,
				8A64081D1877AF390029E101 /* YSAsistance.m */,
			);
			name = Utilities;
			sourceTree = "<group>";
		};
		8AE2E755187609830021DB3F /* TweetsResult */ = {
			isa = PBXGroup;
			children = (
				8AE2E7571876164B0021DB3F /* TweetsResultVC.h */,
				8AE2E7581876164B0021DB3F /* TweetsResultVC.m */,
				8AE2E75A1876167E0021DB3F /* TweetsResultCell.h */,
				8AE2E75B1876167E0021DB3F /* TweetsResultCell.m */,
				8A64081218779A450029E101 /* YSMTCell.h */,
				8A64081318779A450029E101 /* YSMTCell.m */,
			);
			name = TweetsResult;
			sourceTree = "<group>";
		};
		8AE2E75D187617B10021DB3F /* Model */ = {
			isa = PBXGroup;
			children = (
				8AE2E75E187618450021DB3F /* TwitterAPI.h */,
				8AE2E75F187618450021DB3F /* TwitterAPI.m */,
				8AE2E76118763ECD0021DB3F /* ArrayDataSource.h */,
				8AE2E76218763ECD0021DB3F /* ArrayDataSource.m */,
				8A25AE7E18775B630032E51D /* Tweet.h */,
				8A25AE7F18775B630032E51D /* Tweet.m */,
				8AAA141918789D5C00C23FBA /* ResultTweet.h */,
				8AAA141A18789D5C00C23FBA /* ResultTweet.m */,
				8A73415B1878E0A600A7A5FD /* ResultTweet+create.h */,
				8A73415C1878E0A600A7A5FD /* ResultTweet+create.m */,
				8A7341581878E08800A7A5FD /* SearchInfo+create.h */,
				8A7341591878E08800A7A5FD /* SearchInfo+create.m */,
				8AAA142218789FEB00C23FBA /* PersistentStack.h */,
				8AAA142318789FEB00C23FBA /* PersistentStack.m */,
				8AAA14251878AAB600C23FBA /* FetchResultsControllerDataSource.h */,
				8AAA14261878AAB600C23FBA /* FetchResultsControllerDataSource.m */,
				8AAA141018789ACD00C23FBA /* MTSearchTweets.xcdatamodeld */,
				8A5257CD18791DEF00F56992 /* SearchInfo.h */,
				8A5257CE18791DEF00F56992 /* SearchInfo.m */,
			);
			name = Model;
			sourceTree = "<group>";
		};
/* End PBXGroup section */

/* Begin PBXNativeTarget section */
		8ABF7FEE186F8A04005160B8 /* mapTwitter */ = {
			isa = PBXNativeTarget;
			buildConfigurationList = 8ABF801B186F8A05005160B8 /* Build configuration list for PBXNativeTarget "mapTwitter" */;
			buildPhases = (
				8ABF7FEB186F8A04005160B8 /* Sources */,
				8ABF7FEC186F8A04005160B8 /* Frameworks */,
				8ABF7FED186F8A04005160B8 /* Resources */,
			);
			buildRules = (
			);
			dependencies = (
			);
			name = mapTwitter;
			productName = mapTwitter;
			productReference = 8ABF7FEF186F8A04005160B8 /* mapTwitter.app */;
			productType = "com.apple.product-type.application";
		};
		8ABF8009186F8A05005160B8 /* mapTwitterTests */ = {
			isa = PBXNativeTarget;
			buildConfigurationList = 8ABF801E186F8A05005160B8 /* Build configuration list for PBXNativeTarget "mapTwitterTests" */;
			buildPhases = (
				8ABF8006186F8A05005160B8 /* Sources */,
				8ABF8007186F8A05005160B8 /* Frameworks */,
				8ABF8008186F8A05005160B8 /* Resources */,
			);
			buildRules = (
			);
			dependencies = (
				8ABF8010186F8A05005160B8 /* PBXTargetDependency */,
			);
			name = mapTwitterTests;
			productName = mapTwitterTests;
			productReference = 8ABF800A186F8A05005160B8 /* mapTwitterTests.xctest */;
			productType = "com.apple.product-type.bundle.unit-test";
		};
/* End PBXNativeTarget section */

/* Begin PBXProject section */
		8ABF7FE7186F8A04005160B8 /* Project object */ = {
			isa = PBXProject;
			attributes = {
				CLASSPREFIX = UWBE;
				LastUpgradeCheck = 0500;
				ORGANIZATIONNAME = Liyansong;
				TargetAttributes = {
					8ABF8009186F8A05005160B8 = {
						TestTargetID = 8ABF7FEE186F8A04005160B8;
					};
				};
			};
			buildConfigurationList = 8ABF7FEA186F8A04005160B8 /* Build configuration list for PBXProject "mapTwitter" */;
			compatibilityVersion = "Xcode 3.2";
			developmentRegion = English;
			hasScannedForEncodings = 0;
			knownRegions = (
				en,
			);
			mainGroup = 8ABF7FE6186F8A04005160B8;
			productRefGroup = 8ABF7FF0186F8A04005160B8 /* Products */;
			projectDirPath = "";
			projectRoot = "";
			targets = (
				8ABF7FEE186F8A04005160B8 /* mapTwitter */,
				8ABF8009186F8A05005160B8 /* mapTwitterTests */,
			);
		};
/* End PBXProject section */

/* Begin PBXResourcesBuildPhase section */
		8ABF7FED186F8A04005160B8 /* Resources */ = {
			isa = PBXResourcesBuildPhase;
			buildActionMask = 2147483647;
			files = (
				8A71EE5A187524A4006D2B5C /* note-reply-field@2x.png in Resources */,
				8A64081A1877AE930029E101 /* Fanben_Avatar_Placeholder_66.png in Resources */,
				8AA4F7FA1870D799009150EE /* icon-reader-topics-active@2x.png in Resources */,
				8ABF7FFD186F8A04005160B8 /* InfoPlist.strings in Resources */,
				8ABF8005186F8A05005160B8 /* Images.xcassets in Resources */,
				8ABF806B186FBA65005160B8 /* OpenSans-Bold.ttf in Resources */,
				8AA4F7DA1870CDF2009150EE /* GoogleMaps.bundle in Resources */,
				8AA4F7FB1870D799009150EE /* icon-reader-topics.png in Resources */,
				8AA4F7FC1870D799009150EE /* icon-reader-topics@2x.png in Resources */,
				8A64081B1877AE930029E101 /* Fanben_Avatar_Placeholder_66@2x.png in Resources */,
				8A71EE59187524A4006D2B5C /* note-reply-field.png in Resources */,
				8AA4F7F91870D799009150EE /* icon-reader-topics-active.png in Resources */,
			);
			runOnlyForDeploymentPostprocessing = 0;
		};
		8ABF8008186F8A05005160B8 /* Resources */ = {
			isa = PBXResourcesBuildPhase;
			buildActionMask = 2147483647;
			files = (
				8ABF8016186F8A05005160B8 /* InfoPlist.strings in Resources */,
			);
			runOnlyForDeploymentPostprocessing = 0;
		};
/* End PBXResourcesBuildPhase section */

/* Begin PBXSourcesBuildPhase section */
		8ABF7FEB186F8A04005160B8 /* Sources */ = {
			isa = PBXSourcesBuildPhase;
			buildActionMask = 2147483647;
			files = (
				8AE2E7591876164B0021DB3F /* TweetsResultVC.m in Sources */,
				8A5257CF18791DEF00F56992 /* SearchInfo.m in Sources */,
				8A887EB118735C55005C9BAF /* SearchPostView.m in Sources */,
				8AA4F82318710E0C009150EE /* STTwitterOS.m in Sources */,
				8A25AE861877689A0032E51D /* NSString+Additions.m in Sources */,
				8AA4F81D18710E0C009150EE /* NSString+STTwitter.m in Sources */,
				8AA4F81F18710E0C009150EE /* STTwitterAPI.m in Sources */,
				8AAA141218789ACD00C23FBA /* MTSearchTweets.xcdatamodeld in Sources */,
				8AA4F81E18710E0C009150EE /* STHTTPRequest+STTwitter.m in Sources */,
				8A73415A1878E08800A7A5FD /* SearchInfo+create.m in Sources */,
				8AA4F82418710E0C009150EE /* BAVPlistNode.m in Sources */,
				8A64083A1877B50E0029E101 /* SDWebImageDownloaderOperation.m in Sources */,
				8A64083C1877B50E0029E101 /* SDWebImagePrefetcher.m in Sources */,
				8A64083E1877B50E0029E101 /* UIImageView+WebCache.m in Sources */,
				8AE2E760187618450021DB3F /* TwitterAPI.m in Sources */,
				8A73415D1878E0A600A7A5FD /* ResultTweet+create.m in Sources */,
				8A25AE8018775B630032E51D /* Tweet.m in Sources */,
				8ABF7FFF186F8A04005160B8 /* main.m in Sources */,
				8A64081E1877AF390029E101 /* YSAsistance.m in Sources */,
				8AAA142118789F2200C23FBA /* SearchHistoryCell.m in Sources */,
				8A64081718779E630029E101 /* UIColor+Additions.m in Sources */,
				8A64083D1877B50E0029E101 /* UIButton+WebCache.m in Sources */,
				8A7341711878F13400A7A5FD /* SWUtilityButtonView.m in Sources */,
				8A73416F1878F13400A7A5FD /* SWTableViewCell.m in Sources */,
				8AA4F82018710E0C009150EE /* STTwitterAppOnly.m in Sources */,
				8ABF8024186F9135005160B8 /* SearchHistoryVC.m in Sources */,
				8A25AE83187764520032E51D /* UIFont+Additions.m in Sources */,
				8AA4F82218710E0C009150EE /* STTwitterOAuth.m in Sources */,
				8AAA142418789FEB00C23FBA /* PersistentStack.m in Sources */,
				8AAA141B18789D5C00C23FBA /* ResultTweet.m in Sources */,
				8AA4F82118710E0C009150EE /* STTwitterHTML.m in Sources */,
				8AA4F82618710E0C009150EE /* STHTTPRequest.m in Sources */,
				8A6408361877B50E0029E101 /* SDImageCache.m in Sources */,
				8AAA14271878AAB600C23FBA /* FetchResultsControllerDataSource.m in Sources */,
				8A6408351877B50E0029E101 /* MKAnnotationView+WebCache.m in Sources */,
				8A73416D1878F13400A7A5FD /* SWCellScrollView.m in Sources */,
				8A64083B1877B50E0029E101 /* SDWebImageManager.m in Sources */,
				8A9C9D9218722F1E00429611 /* IOS7CorrectedTextView.m in Sources */,
				8A64081418779A450029E101 /* YSMTCell.m in Sources */,
				8AA4F81C18710E0C009150EE /* NSDateFormatter+STTwitter.m in Sources */,
				8AA4F82518710E0C009150EE /* JSONSyntaxHighlight.m in Sources */,
				8A6408391877B50E0029E101 /* SDWebImageDownloader.m in Sources */,
				8A73416C1878F13400A7A5FD /* NSMutableArray+SWUtilityButtons.m in Sources */,
				8AE2E75C1876167E0021DB3F /* TweetsResultCell.m in Sources */,
				8AE2E76318763ECD0021DB3F /* ArrayDataSource.m in Sources */,
				8A73416E1878F13400A7A5FD /* SWLongPressGestureRecognizer.m in Sources */,
				8ABF8028186F92F2005160B8 /* MTStyles.m in Sources */,
				8A6408381877B50E0029E101 /* SDWebImageDecoder.m in Sources */,
				8A6408371877B50E0029E101 /* SDWebImageCompat.m in Sources */,
				8AA4F7D61870CC26009150EE /* searchMapVC.m in Sources */,
				8A7341701878F13400A7A5FD /* SWUtilityButtonTapGestureRecognizer.m in Sources */,
				8ABF8003186F8A04005160B8 /* UWBEAppDelegate.m in Sources */,
			);
			runOnlyForDeploymentPostprocessing = 0;
		};
		8ABF8006186F8A05005160B8 /* Sources */ = {
			isa = PBXSourcesBuildPhase;
			buildActionMask = 2147483647;
			files = (
				8ABF8018186F8A05005160B8 /* mapTwitterTests.m in Sources */,
			);
			runOnlyForDeploymentPostprocessing = 0;
		};
/* End PBXSourcesBuildPhase section */

/* Begin PBXTargetDependency section */
		8ABF8010186F8A05005160B8 /* PBXTargetDependency */ = {
			isa = PBXTargetDependency;
			target = 8ABF7FEE186F8A04005160B8 /* mapTwitter */;
			targetProxy = 8ABF800F186F8A05005160B8 /* PBXContainerItemProxy */;
		};
/* End PBXTargetDependency section */

/* Begin PBXVariantGroup section */
		8ABF7FFB186F8A04005160B8 /* InfoPlist.strings */ = {
			isa = PBXVariantGroup;
			children = (
				8ABF7FFC186F8A04005160B8 /* en */,
			);
			name = InfoPlist.strings;
			sourceTree = "<group>";
		};
		8ABF8014186F8A05005160B8 /* InfoPlist.strings */ = {
			isa = PBXVariantGroup;
			children = (
				8ABF8015186F8A05005160B8 /* en */,
			);
			name = InfoPlist.strings;
			sourceTree = "<group>";
		};
/* End PBXVariantGroup section */

/* Begin XCBuildConfiguration section */
		8ABF8019186F8A05005160B8 /* Debug */ = {
			isa = XCBuildConfiguration;
			buildSettings = {
				ALWAYS_SEARCH_USER_PATHS = NO;
				ARCHS = "$(ARCHS_STANDARD_INCLUDING_64_BIT)";
				CLANG_CXX_LANGUAGE_STANDARD = "gnu++0x";
				CLANG_CXX_LIBRARY = "libc++";
				CLANG_ENABLE_MODULES = YES;
				CLANG_ENABLE_OBJC_ARC = YES;
				CLANG_WARN_BOOL_CONVERSION = YES;
				CLANG_WARN_CONSTANT_CONVERSION = YES;
				CLANG_WARN_DIRECT_OBJC_ISA_USAGE = YES_ERROR;
				CLANG_WARN_EMPTY_BODY = YES;
				CLANG_WARN_ENUM_CONVERSION = YES;
				CLANG_WARN_INT_CONVERSION = YES;
				CLANG_WARN_OBJC_ROOT_CLASS = YES_ERROR;
				CLANG_WARN__DUPLICATE_METHOD_MATCH = YES;
				"CODE_SIGN_IDENTITY[sdk=iphoneos*]" = "iPhone Developer";
				COPY_PHASE_STRIP = NO;
				GCC_C_LANGUAGE_STANDARD = gnu99;
				GCC_DYNAMIC_NO_PIC = NO;
				GCC_OPTIMIZATION_LEVEL = 0;
				GCC_PREPROCESSOR_DEFINITIONS = (
					"DEBUG=1",
					"$(inherited)",
				);
				GCC_SYMBOLS_PRIVATE_EXTERN = NO;
				GCC_WARN_64_TO_32_BIT_CONVERSION = YES;
				GCC_WARN_ABOUT_RETURN_TYPE = YES_ERROR;
				GCC_WARN_UNDECLARED_SELECTOR = YES;
				GCC_WARN_UNINITIALIZED_AUTOS = YES;
				GCC_WARN_UNUSED_FUNCTION = YES;
				GCC_WARN_UNUSED_VARIABLE = YES;
				IPHONEOS_DEPLOYMENT_TARGET = 7.0;
				ONLY_ACTIVE_ARCH = YES;
				OTHER_LDFLAGS = "-ObjC";
				SDKROOT = iphoneos;
			};
			name = Debug;
		};
		8ABF801A186F8A05005160B8 /* Release */ = {
			isa = XCBuildConfiguration;
			buildSettings = {
				ALWAYS_SEARCH_USER_PATHS = NO;
				ARCHS = "$(ARCHS_STANDARD_INCLUDING_64_BIT)";
				CLANG_CXX_LANGUAGE_STANDARD = "gnu++0x";
				CLANG_CXX_LIBRARY = "libc++";
				CLANG_ENABLE_MODULES = YES;
				CLANG_ENABLE_OBJC_ARC = YES;
				CLANG_WARN_BOOL_CONVERSION = YES;
				CLANG_WARN_CONSTANT_CONVERSION = YES;
				CLANG_WARN_DIRECT_OBJC_ISA_USAGE = YES_ERROR;
				CLANG_WARN_EMPTY_BODY = YES;
				CLANG_WARN_ENUM_CONVERSION = YES;
				CLANG_WARN_INT_CONVERSION = YES;
				CLANG_WARN_OBJC_ROOT_CLASS = YES_ERROR;
				CLANG_WARN__DUPLICATE_METHOD_MATCH = YES;
				"CODE_SIGN_IDENTITY[sdk=iphoneos*]" = "iPhone Developer";
				COPY_PHASE_STRIP = YES;
				ENABLE_NS_ASSERTIONS = NO;
				GCC_C_LANGUAGE_STANDARD = gnu99;
				GCC_WARN_64_TO_32_BIT_CONVERSION = YES;
				GCC_WARN_ABOUT_RETURN_TYPE = YES_ERROR;
				GCC_WARN_UNDECLARED_SELECTOR = YES;
				GCC_WARN_UNINITIALIZED_AUTOS = YES;
				GCC_WARN_UNUSED_FUNCTION = YES;
				GCC_WARN_UNUSED_VARIABLE = YES;
				IPHONEOS_DEPLOYMENT_TARGET = 7.0;
				OTHER_LDFLAGS = "-ObjC";
				SDKROOT = iphoneos;
				VALIDATE_PRODUCT = YES;
			};
			name = Release;
		};
		8ABF801C186F8A05005160B8 /* Debug */ = {
			isa = XCBuildConfiguration;
			buildSettings = {
				ASSETCATALOG_COMPILER_APPICON_NAME = AppIcon;
				ASSETCATALOG_COMPILER_LAUNCHIMAGE_NAME = LaunchImage;
				FRAMEWORK_SEARCH_PATHS = (
					"$(inherited)",
					/Users/haochonglei/Desktop/mapTwitter,
					"/Volumes/Data\\ HDD/Developer/iOS/MapTwitter",
				);
				GCC_PRECOMPILE_PREFIX_HEADER = YES;
				GCC_PREFIX_HEADER = "mapTwitter/mapTwitter-Prefix.pch";
				INFOPLIST_FILE = "mapTwitter/mapTwitter-Info.plist";
				PRODUCT_NAME = "$(TARGET_NAME)";
				WRAPPER_EXTENSION = app;
			};
			name = Debug;
		};
		8ABF801D186F8A05005160B8 /* Release */ = {
			isa = XCBuildConfiguration;
			buildSettings = {
				ASSETCATALOG_COMPILER_APPICON_NAME = AppIcon;
				ASSETCATALOG_COMPILER_LAUNCHIMAGE_NAME = LaunchImage;
				FRAMEWORK_SEARCH_PATHS = (
					"$(inherited)",
					/Users/haochonglei/Desktop/mapTwitter,
					"/Volumes/Data\\ HDD/Developer/iOS/MapTwitter",
				);
				GCC_PRECOMPILE_PREFIX_HEADER = YES;
				GCC_PREFIX_HEADER = "mapTwitter/mapTwitter-Prefix.pch";
				INFOPLIST_FILE = "mapTwitter/mapTwitter-Info.plist";
				PRODUCT_NAME = "$(TARGET_NAME)";
				WRAPPER_EXTENSION = app;
			};
			name = Release;
		};
		8ABF801F186F8A05005160B8 /* Debug */ = {
			isa = XCBuildConfiguration;
			buildSettings = {
				ARCHS = "$(ARCHS_STANDARD_INCLUDING_64_BIT)";
				BUNDLE_LOADER = "$(BUILT_PRODUCTS_DIR)/mapTwitter.app/mapTwitter";
				FRAMEWORK_SEARCH_PATHS = (
					"$(SDKROOT)/Developer/Library/Frameworks",
					"$(inherited)",
					"$(DEVELOPER_FRAMEWORKS_DIR)",
				);
				GCC_PRECOMPILE_PREFIX_HEADER = YES;
				GCC_PREFIX_HEADER = "mapTwitter/mapTwitter-Prefix.pch";
				GCC_PREPROCESSOR_DEFINITIONS = (
					"DEBUG=1",
					"$(inherited)",
				);
				INFOPLIST_FILE = "mapTwitterTests/mapTwitterTests-Info.plist";
				PRODUCT_NAME = "$(TARGET_NAME)";
				TEST_HOST = "$(BUNDLE_LOADER)";
				WRAPPER_EXTENSION = xctest;
			};
			name = Debug;
		};
		8ABF8020186F8A05005160B8 /* Release */ = {
			isa = XCBuildConfiguration;
			buildSettings = {
				ARCHS = "$(ARCHS_STANDARD_INCLUDING_64_BIT)";
				BUNDLE_LOADER = "$(BUILT_PRODUCTS_DIR)/mapTwitter.app/mapTwitter";
				FRAMEWORK_SEARCH_PATHS = (
					"$(SDKROOT)/Developer/Library/Frameworks",
					"$(inherited)",
					"$(DEVELOPER_FRAMEWORKS_DIR)",
				);
				GCC_PRECOMPILE_PREFIX_HEADER = YES;
				GCC_PREFIX_HEADER = "mapTwitter/mapTwitter-Prefix.pch";
				INFOPLIST_FILE = "mapTwitterTests/mapTwitterTests-Info.plist";
				PRODUCT_NAME = "$(TARGET_NAME)";
				TEST_HOST = "$(BUNDLE_LOADER)";
				WRAPPER_EXTENSION = xctest;
			};
			name = Release;
		};
/* End XCBuildConfiguration section */

/* Begin XCConfigurationList section */
		8ABF7FEA186F8A04005160B8 /* Build configuration list for PBXProject "mapTwitter" */ = {
			isa = XCConfigurationList;
			buildConfigurations = (
				8ABF8019186F8A05005160B8 /* Debug */,
				8ABF801A186F8A05005160B8 /* Release */,
			);
			defaultConfigurationIsVisible = 0;
			defaultConfigurationName = Release;
		};
		8ABF801B186F8A05005160B8 /* Build configuration list for PBXNativeTarget "mapTwitter" */ = {
			isa = XCConfigurationList;
			buildConfigurations = (
				8ABF801C186F8A05005160B8 /* Debug */,
				8ABF801D186F8A05005160B8 /* Release */,
			);
			defaultConfigurationIsVisible = 0;
			defaultConfigurationName = Release;
		};
		8ABF801E186F8A05005160B8 /* Build configuration list for PBXNativeTarget "mapTwitterTests" */ = {
			isa = XCConfigurationList;
			buildConfigurations = (
				8ABF801F186F8A05005160B8 /* Debug */,
				8ABF8020186F8A05005160B8 /* Release */,
			);
			defaultConfigurationIsVisible = 0;
			defaultConfigurationName = Release;
		};
/* End XCConfigurationList section */

/* Begin XCVersionGroup section */
		8AAA141018789ACD00C23FBA /* MTSearchTweets.xcdatamodeld */ = {
			isa = XCVersionGroup;
			children = (
				8AAA141118789ACD00C23FBA /* MTSearchTweets.xcdatamodel */,
			);
			currentVersion = 8AAA141118789ACD00C23FBA /* MTSearchTweets.xcdatamodel */;
			path = MTSearchTweets.xcdatamodeld;
			sourceTree = "<group>";
			versionGroupType = wrapper.xcdatamodel;
		};
/* End XCVersionGroup section */
	};
	rootObject = 8ABF7FE7186F8A04005160B8 /* Project object */;
}
